
Microsoft Visual Studio Solution File, Format Version 12.00
# Visual Studio 15
VisualStudioVersion = 15.0.28010.2036
MinimumVisualStudioVersion = 10.0.40219.1
Project("{FAE04EC0-301F-11D3-BF4B-00C04F79EFBC}") = "Words", "Words\Words.csproj", "{B7580A1D-E3D0-4ADA-AA17-5507CF5A40CA}"
EndProject
Global
	GlobalSection(SolutionConfigurationPlatforms) = preSolution
		Debug|Any CPU = Debug|Any CPU
		Release|Any CPU = Release|Any CPU
	EndGlobalSection
	GlobalSection(ProjectConfigurationPlatforms) = postSolution
		{B7580A1D-E3D0-4ADA-AA17-5507CF5A40CA}.Debug|Any CPU.ActiveCfg = Debug|Any CPU
		{B7580A1D-E3D0-4ADA-AA17-5507CF5A40CA}.Debug|Any CPU.Build.0 = Debug|Any CPU
		{B7580A1D-E3D0-4ADA-AA17-5507CF5A40CA}.Release|Any CPU.ActiveCfg = Release|Any CPU
		{B7580A1D-E3D0-4ADA-AA17-5507CF5A40CA}.Release|Any CPU.Build.0 = Release|Any CPU
	EndGlobalSection
	GlobalSection(SolutionProperties) = preSolution
		HideSolutionNode = FALSE
	EndGlobalSection
	GlobalSection(ExtensibilityGlobals) = postSolution
		SolutionGuid = {B5F3C996-56AE-4458-93B2-094408ACD69B}
	EndGlobalSection
EndGlobal
