
Microsoft Visual Studio Solution File, Format Version 12.00
# Visual Studio 15
VisualStudioVersion = 15.0.28010.2036
MinimumVisualStudioVersion = 10.0.40219.1
Project("{FAE04EC0-301F-11D3-BF4B-00C04F79EFBC}") = "Bank", "Bank\Bank.csproj", "{D0C4E039-40C8-4655-8C3A-9456997E9B54}"
EndProject
Global
	GlobalSection(SolutionConfigurationPlatforms) = preSolution
		Debug|Any CPU = Debug|Any CPU
		Release|Any CPU = Release|Any CPU
	EndGlobalSection
	GlobalSection(ProjectConfigurationPlatforms) = postSolution
		{D0C4E039-40C8-4655-8C3A-9456997E9B54}.Debug|Any CPU.ActiveCfg = Debug|Any CPU
		{D0C4E039-40C8-4655-8C3A-9456997E9B54}.Debug|Any CPU.Build.0 = Debug|Any CPU
		{D0C4E039-40C8-4655-8C3A-9456997E9B54}.Release|Any CPU.ActiveCfg = Release|Any CPU
		{D0C4E039-40C8-4655-8C3A-9456997E9B54}.Release|Any CPU.Build.0 = Release|Any CPU
	EndGlobalSection
	GlobalSection(SolutionProperties) = preSolution
		HideSolutionNode = FALSE
	EndGlobalSection
	GlobalSection(ExtensibilityGlobals) = postSolution
		SolutionGuid = {44E7ECE2-4623-439F-B805-82F8FFF64CE7}
	EndGlobalSection
EndGlobal
