
Microsoft Visual Studio Solution File, Format Version 12.00
# Visual Studio Version 16
VisualStudioVersion = 16.0.29102.190
MinimumVisualStudioVersion = 10.0.40219.1
Project("{FAE04EC0-301F-11D3-BF4B-00C04F79EFBC}") = "MVCRoulette", "MVCRoulette.csproj", "{F15BE77B-FB97-47A6-8057-F193F833B458}"
EndProject
Global
	GlobalSection(SolutionConfigurationPlatforms) = preSolution
		Debug|Any CPU = Debug|Any CPU
		Release|Any CPU = Release|Any CPU
	EndGlobalSection
	GlobalSection(ProjectConfigurationPlatforms) = postSolution
		{F15BE77B-FB97-47A6-8057-F193F833B458}.Debug|Any CPU.ActiveCfg = Debug|Any CPU
		{F15BE77B-FB97-47A6-8057-F193F833B458}.Debug|Any CPU.Build.0 = Debug|Any CPU
		{F15BE77B-FB97-47A6-8057-F193F833B458}.Release|Any CPU.ActiveCfg = Release|Any CPU
		{F15BE77B-FB97-47A6-8057-F193F833B458}.Release|Any CPU.Build.0 = Release|Any CPU
	EndGlobalSection
	GlobalSection(SolutionProperties) = preSolution
		HideSolutionNode = FALSE
	EndGlobalSection
	GlobalSection(ExtensibilityGlobals) = postSolution
		SolutionGuid = {CE0E8DC6-A9C3-455D-AB92-868CF9FC6454}
	EndGlobalSection
EndGlobal
