
Microsoft Visual Studio Solution File, Format Version 12.00
# Visual Studio 15
VisualStudioVersion = 15.0.28307.136
MinimumVisualStudioVersion = 10.0.40219.1
Project("{FAE04EC0-301F-11D3-BF4B-00C04F79EFBC}") = "QuickSorting", "QuickSorting\QuickSorting.csproj", "{603A20AC-1FAF-41E3-BE1C-A304567B533D}"
EndProject
Global
	GlobalSection(SolutionConfigurationPlatforms) = preSolution
		Debug|Any CPU = Debug|Any CPU
		Release|Any CPU = Release|Any CPU
	EndGlobalSection
	GlobalSection(ProjectConfigurationPlatforms) = postSolution
		{603A20AC-1FAF-41E3-BE1C-A304567B533D}.Debug|Any CPU.ActiveCfg = Debug|Any CPU
		{603A20AC-1FAF-41E3-BE1C-A304567B533D}.Debug|Any CPU.Build.0 = Debug|Any CPU
		{603A20AC-1FAF-41E3-BE1C-A304567B533D}.Release|Any CPU.ActiveCfg = Release|Any CPU
		{603A20AC-1FAF-41E3-BE1C-A304567B533D}.Release|Any CPU.Build.0 = Release|Any CPU
	EndGlobalSection
	GlobalSection(SolutionProperties) = preSolution
		HideSolutionNode = FALSE
	EndGlobalSection
	GlobalSection(ExtensibilityGlobals) = postSolution
		SolutionGuid = {DC4EA661-5C77-4641-A07C-406CD1A5C9F7}
	EndGlobalSection
EndGlobal
