
Microsoft Visual Studio Solution File, Format Version 12.00
# Visual Studio 15
VisualStudioVersion = 15.0.28010.2036
MinimumVisualStudioVersion = 10.0.40219.1
Project("{FAE04EC0-301F-11D3-BF4B-00C04F79EFBC}") = "GetSet", "GetSet\GetSet.csproj", "{F794870E-967B-4A3C-9976-39D066483AEB}"
EndProject
Global
	GlobalSection(SolutionConfigurationPlatforms) = preSolution
		Debug|Any CPU = Debug|Any CPU
		Release|Any CPU = Release|Any CPU
	EndGlobalSection
	GlobalSection(ProjectConfigurationPlatforms) = postSolution
		{F794870E-967B-4A3C-9976-39D066483AEB}.Debug|Any CPU.ActiveCfg = Debug|Any CPU
		{F794870E-967B-4A3C-9976-39D066483AEB}.Debug|Any CPU.Build.0 = Debug|Any CPU
		{F794870E-967B-4A3C-9976-39D066483AEB}.Release|Any CPU.ActiveCfg = Release|Any CPU
		{F794870E-967B-4A3C-9976-39D066483AEB}.Release|Any CPU.Build.0 = Release|Any CPU
	EndGlobalSection
	GlobalSection(SolutionProperties) = preSolution
		HideSolutionNode = FALSE
	EndGlobalSection
	GlobalSection(ExtensibilityGlobals) = postSolution
		SolutionGuid = {E41DDC9F-D0C4-4D21-A65D-C336295906DF}
	EndGlobalSection
EndGlobal
