
Microsoft Visual Studio Solution File, Format Version 12.00
# Visual Studio 15
VisualStudioVersion = 15.0.28010.2036
MinimumVisualStudioVersion = 10.0.40219.1
Project("{FAE04EC0-301F-11D3-BF4B-00C04F79EFBC}") = "Collections", "Collections\Collections.csproj", "{7BC8906E-DC43-43C8-86D0-4388F2119CE1}"
EndProject
Global
	GlobalSection(SolutionConfigurationPlatforms) = preSolution
		Debug|Any CPU = Debug|Any CPU
		Release|Any CPU = Release|Any CPU
	EndGlobalSection
	GlobalSection(ProjectConfigurationPlatforms) = postSolution
		{7BC8906E-DC43-43C8-86D0-4388F2119CE1}.Debug|Any CPU.ActiveCfg = Debug|Any CPU
		{7BC8906E-DC43-43C8-86D0-4388F2119CE1}.Debug|Any CPU.Build.0 = Debug|Any CPU
		{7BC8906E-DC43-43C8-86D0-4388F2119CE1}.Release|Any CPU.ActiveCfg = Release|Any CPU
		{7BC8906E-DC43-43C8-86D0-4388F2119CE1}.Release|Any CPU.Build.0 = Release|Any CPU
	EndGlobalSection
	GlobalSection(SolutionProperties) = preSolution
		HideSolutionNode = FALSE
	EndGlobalSection
	GlobalSection(ExtensibilityGlobals) = postSolution
		SolutionGuid = {F1BB7CD6-7EC0-4E9B-968C-6436660D3CCF}
	EndGlobalSection
EndGlobal
