
Microsoft Visual Studio Solution File, Format Version 12.00
# Visual Studio 15
VisualStudioVersion = 15.0.28010.2036
MinimumVisualStudioVersion = 10.0.40219.1
Project("{FAE04EC0-301F-11D3-BF4B-00C04F79EFBC}") = "SubString Words", "SubString Words\SubString Words.csproj", "{4AAB9D07-23C4-47FD-82F1-71FA826ADC8F}"
EndProject
Global
	GlobalSection(SolutionConfigurationPlatforms) = preSolution
		Debug|Any CPU = Debug|Any CPU
		Release|Any CPU = Release|Any CPU
	EndGlobalSection
	GlobalSection(ProjectConfigurationPlatforms) = postSolution
		{4AAB9D07-23C4-47FD-82F1-71FA826ADC8F}.Debug|Any CPU.ActiveCfg = Debug|Any CPU
		{4AAB9D07-23C4-47FD-82F1-71FA826ADC8F}.Debug|Any CPU.Build.0 = Debug|Any CPU
		{4AAB9D07-23C4-47FD-82F1-71FA826ADC8F}.Release|Any CPU.ActiveCfg = Release|Any CPU
		{4AAB9D07-23C4-47FD-82F1-71FA826ADC8F}.Release|Any CPU.Build.0 = Release|Any CPU
	EndGlobalSection
	GlobalSection(SolutionProperties) = preSolution
		HideSolutionNode = FALSE
	EndGlobalSection
	GlobalSection(ExtensibilityGlobals) = postSolution
		SolutionGuid = {3503CFAD-A684-476F-B276-72B0CCE5ED4C}
	EndGlobalSection
EndGlobal
