
Microsoft Visual Studio Solution File, Format Version 12.00
# Visual Studio 15
VisualStudioVersion = 15.0.28010.2036
MinimumVisualStudioVersion = 10.0.40219.1
Project("{FAE04EC0-301F-11D3-BF4B-00C04F79EFBC}") = "SubString aCount", "SubString aCount\SubString aCount.csproj", "{E10BF93C-A395-4D01-8CDB-E2C4168055A0}"
EndProject
Global
	GlobalSection(SolutionConfigurationPlatforms) = preSolution
		Debug|Any CPU = Debug|Any CPU
		Release|Any CPU = Release|Any CPU
	EndGlobalSection
	GlobalSection(ProjectConfigurationPlatforms) = postSolution
		{E10BF93C-A395-4D01-8CDB-E2C4168055A0}.Debug|Any CPU.ActiveCfg = Debug|Any CPU
		{E10BF93C-A395-4D01-8CDB-E2C4168055A0}.Debug|Any CPU.Build.0 = Debug|Any CPU
		{E10BF93C-A395-4D01-8CDB-E2C4168055A0}.Release|Any CPU.ActiveCfg = Release|Any CPU
		{E10BF93C-A395-4D01-8CDB-E2C4168055A0}.Release|Any CPU.Build.0 = Release|Any CPU
	EndGlobalSection
	GlobalSection(SolutionProperties) = preSolution
		HideSolutionNode = FALSE
	EndGlobalSection
	GlobalSection(ExtensibilityGlobals) = postSolution
		SolutionGuid = {B9A2470E-6EB1-46F9-8B58-7D6B7BF3B7E1}
	EndGlobalSection
EndGlobal
